
Microsoft Visual Studio Solution File, Format Version 12.00
# Visual Studio Version 17
VisualStudioVersion = 17.0.31919.166
MinimumVisualStudioVersion = 10.0.40219.1
Project("{FAE04EC0-301F-11D3-BF4B-00C04F79EFBC}") = "numberGuesser", "numberGuesser.csproj", "{384277E7-0652-4F8F-B354-7ECFE67B08D9}"
EndProject
Global
	GlobalSection(SolutionConfigurationPlatforms) = preSolution
		Debug|Any CPU = Debug|Any CPU
		Release|Any CPU = Release|Any CPU
	EndGlobalSection
	GlobalSection(ProjectConfigurationPlatforms) = postSolution
		{384277E7-0652-4F8F-B354-7ECFE67B08D9}.Debug|Any CPU.ActiveCfg = Debug|Any CPU
		{384277E7-0652-4F8F-B354-7ECFE67B08D9}.Debug|Any CPU.Build.0 = Debug|Any CPU
		{384277E7-0652-4F8F-B354-7ECFE67B08D9}.Release|Any CPU.ActiveCfg = Release|Any CPU
		{384277E7-0652-4F8F-B354-7ECFE67B08D9}.Release|Any CPU.Build.0 = Release|Any CPU
	EndGlobalSection
	GlobalSection(SolutionProperties) = preSolution
		HideSolutionNode = FALSE
	EndGlobalSection
	GlobalSection(ExtensibilityGlobals) = postSolution
		SolutionGuid = {F728D0D0-8858-4EF2-9EC3-723FC956E897}
	EndGlobalSection
EndGlobal
